
Microsoft Visual Studio Solution File, Format Version 12.00
# Visual Studio Version 16
VisualStudioVersion = 16.0.29613.14
MinimumVisualStudioVersion = 10.0.40219.1
Project("{8BC9CEB8-8B4A-11D0-8D11-00A0C91BC942}") = "CFundation", "CFundation\CFundation.vcxproj", "{309B6FCA-EADF-4AA1-9373-73177D8027F2}"
EndProject
Project("{8BC9CEB8-8B4A-11D0-8D11-00A0C91BC942}") = "Snake", "Snake\Snake.vcxproj", "{34AFE0CD-1B9C-4DFA-A66C-8DA145F8A7F6}"
EndProject
Project("{8BC9CEB8-8B4A-11D0-8D11-00A0C91BC942}") = "STL_SNAKE", "STL_SNAKE\STL_SNAKE.vcxproj", "{8ACF7D81-70AA-46D2-85E2-4BD239C521B6}"
EndProject
Global
	GlobalSection(SolutionConfigurationPlatforms) = preSolution
		Debug|x64 = Debug|x64
		Debug|x86 = Debug|x86
		Release|x64 = Release|x64
		Release|x86 = Release|x86
	EndGlobalSection
	GlobalSection(ProjectConfigurationPlatforms) = postSolution
		{309B6FCA-EADF-4AA1-9373-73177D8027F2}.Debug|x64.ActiveCfg = Debug|x64
		{309B6FCA-EADF-4AA1-9373-73177D8027F2}.Debug|x64.Build.0 = Debug|x64
		{309B6FCA-EADF-4AA1-9373-73177D8027F2}.Debug|x86.ActiveCfg = Debug|Win32
		{309B6FCA-EADF-4AA1-9373-73177D8027F2}.Debug|x86.Build.0 = Debug|Win32
		{309B6FCA-EADF-4AA1-9373-73177D8027F2}.Release|x64.ActiveCfg = Release|x64
		{309B6FCA-EADF-4AA1-9373-73177D8027F2}.Release|x64.Build.0 = Release|x64
		{309B6FCA-EADF-4AA1-9373-73177D8027F2}.Release|x86.ActiveCfg = Release|Win32
		{309B6FCA-EADF-4AA1-9373-73177D8027F2}.Release|x86.Build.0 = Release|Win32
		{34AFE0CD-1B9C-4DFA-A66C-8DA145F8A7F6}.Debug|x64.ActiveCfg = Debug|x64
		{34AFE0CD-1B9C-4DFA-A66C-8DA145F8A7F6}.Debug|x64.Build.0 = Debug|x64
		{34AFE0CD-1B9C-4DFA-A66C-8DA145F8A7F6}.Debug|x86.ActiveCfg = Debug|Win32
		{34AFE0CD-1B9C-4DFA-A66C-8DA145F8A7F6}.Debug|x86.Build.0 = Debug|Win32
		{34AFE0CD-1B9C-4DFA-A66C-8DA145F8A7F6}.Release|x64.ActiveCfg = Release|x64
		{34AFE0CD-1B9C-4DFA-A66C-8DA145F8A7F6}.Release|x64.Build.0 = Release|x64
		{34AFE0CD-1B9C-4DFA-A66C-8DA145F8A7F6}.Release|x86.ActiveCfg = Release|Win32
		{34AFE0CD-1B9C-4DFA-A66C-8DA145F8A7F6}.Release|x86.Build.0 = Release|Win32
		{8ACF7D81-70AA-46D2-85E2-4BD239C521B6}.Debug|x64.ActiveCfg = Debug|x64
		{8ACF7D81-70AA-46D2-85E2-4BD239C521B6}.Debug|x64.Build.0 = Debug|x64
		{8ACF7D81-70AA-46D2-85E2-4BD239C521B6}.Debug|x86.ActiveCfg = Debug|Win32
		{8ACF7D81-70AA-46D2-85E2-4BD239C521B6}.Debug|x86.Build.0 = Debug|Win32
		{8ACF7D81-70AA-46D2-85E2-4BD239C521B6}.Release|x64.ActiveCfg = Release|x64
		{8ACF7D81-70AA-46D2-85E2-4BD239C521B6}.Release|x64.Build.0 = Release|x64
		{8ACF7D81-70AA-46D2-85E2-4BD239C521B6}.Release|x86.ActiveCfg = Release|Win32
		{8ACF7D81-70AA-46D2-85E2-4BD239C521B6}.Release|x86.Build.0 = Release|Win32
	EndGlobalSection
	GlobalSection(SolutionProperties) = preSolution
		HideSolutionNode = FALSE
	EndGlobalSection
	GlobalSection(ExtensibilityGlobals) = postSolution
		SolutionGuid = {2D63F6F0-DE12-4902-ACC5-54B3BAC13CA1}
	EndGlobalSection
EndGlobal
